
Microsoft Visual Studio Solution File, Format Version 12.00
# Visual Studio Version 16
VisualStudioVersion = 16.0.32106.194
MinimumVisualStudioVersion = 10.0.40219.1
Project("{9A19103F-16F7-4668-BE54-9A1E7A4F7556}") = "UnitTesting_Hometask", "UnitTesting_Hometask\UnitTesting_Hometask.csproj", "{D02EADD8-8CF6-46AF-AB4A-5D6704EA8FF0}"
EndProject
Project("{9A19103F-16F7-4668-BE54-9A1E7A4F7556}") = "StringSum", "StringSum\StringSum.csproj", "{63356C73-8839-4016-A4BA-153BACAB016D}"
EndProject
Project("{FAE04EC0-301F-11D3-BF4B-00C04F79EFBC}") = "WordWrap", "WordWrap\WordWrap.csproj", "{C910DBD0-9AD0-498A-B939-F5B8E3D7C570}"
EndProject
Global
	GlobalSection(SolutionConfigurationPlatforms) = preSolution
		Debug|Any CPU = Debug|Any CPU
		Release|Any CPU = Release|Any CPU
	EndGlobalSection
	GlobalSection(ProjectConfigurationPlatforms) = postSolution
		{D02EADD8-8CF6-46AF-AB4A-5D6704EA8FF0}.Debug|Any CPU.ActiveCfg = Debug|Any CPU
		{D02EADD8-8CF6-46AF-AB4A-5D6704EA8FF0}.Debug|Any CPU.Build.0 = Debug|Any CPU
		{D02EADD8-8CF6-46AF-AB4A-5D6704EA8FF0}.Release|Any CPU.ActiveCfg = Release|Any CPU
		{D02EADD8-8CF6-46AF-AB4A-5D6704EA8FF0}.Release|Any CPU.Build.0 = Release|Any CPU
		{63356C73-8839-4016-A4BA-153BACAB016D}.Debug|Any CPU.ActiveCfg = Debug|Any CPU
		{63356C73-8839-4016-A4BA-153BACAB016D}.Debug|Any CPU.Build.0 = Debug|Any CPU
		{63356C73-8839-4016-A4BA-153BACAB016D}.Release|Any CPU.ActiveCfg = Release|Any CPU
		{63356C73-8839-4016-A4BA-153BACAB016D}.Release|Any CPU.Build.0 = Release|Any CPU
		{C910DBD0-9AD0-498A-B939-F5B8E3D7C570}.Debug|Any CPU.ActiveCfg = Debug|Any CPU
		{C910DBD0-9AD0-498A-B939-F5B8E3D7C570}.Debug|Any CPU.Build.0 = Debug|Any CPU
		{C910DBD0-9AD0-498A-B939-F5B8E3D7C570}.Release|Any CPU.ActiveCfg = Release|Any CPU
		{C910DBD0-9AD0-498A-B939-F5B8E3D7C570}.Release|Any CPU.Build.0 = Release|Any CPU
	EndGlobalSection
	GlobalSection(SolutionProperties) = preSolution
		HideSolutionNode = FALSE
	EndGlobalSection
	GlobalSection(ExtensibilityGlobals) = postSolution
		SolutionGuid = {3B7E8503-4BDC-414D-84F2-648454ADDFEC}
	EndGlobalSection
EndGlobal
